
Microsoft Visual Studio Solution File, Format Version 12.00
# Visual Studio Version 16
VisualStudioVersion = 16.0.29215.179
MinimumVisualStudioVersion = 10.0.40219.1
Project("{FAE04EC0-301F-11D3-BF4B-00C04F79EFBC}") = "Projects", "Projects\Projects.csproj", "{F6EE86CD-A646-4BD0-9C6D-D1FD26E46B6B}"
EndProject
Project("{FAE04EC0-301F-11D3-BF4B-00C04F79EFBC}") = "show-references", "show-references\show-references.csproj", "{ACC88F4B-A588-4CB6-856F-EB9CDED68A5D}"
EndProject
Global
	GlobalSection(SolutionConfigurationPlatforms) = preSolution
		Debug|Any CPU = Debug|Any CPU
		Release|Any CPU = Release|Any CPU
	EndGlobalSection
	GlobalSection(ProjectConfigurationPlatforms) = postSolution
		{F6EE86CD-A646-4BD0-9C6D-D1FD26E46B6B}.Debug|Any CPU.ActiveCfg = Debug|Any CPU
		{F6EE86CD-A646-4BD0-9C6D-D1FD26E46B6B}.Debug|Any CPU.Build.0 = Debug|Any CPU
		{F6EE86CD-A646-4BD0-9C6D-D1FD26E46B6B}.Release|Any CPU.ActiveCfg = Release|Any CPU
		{F6EE86CD-A646-4BD0-9C6D-D1FD26E46B6B}.Release|Any CPU.Build.0 = Release|Any CPU
		{ACC88F4B-A588-4CB6-856F-EB9CDED68A5D}.Debug|Any CPU.ActiveCfg = Debug|Any CPU
		{ACC88F4B-A588-4CB6-856F-EB9CDED68A5D}.Debug|Any CPU.Build.0 = Debug|Any CPU
		{ACC88F4B-A588-4CB6-856F-EB9CDED68A5D}.Release|Any CPU.ActiveCfg = Release|Any CPU
		{ACC88F4B-A588-4CB6-856F-EB9CDED68A5D}.Release|Any CPU.Build.0 = Release|Any CPU
	EndGlobalSection
	GlobalSection(SolutionProperties) = preSolution
		HideSolutionNode = FALSE
	EndGlobalSection
	GlobalSection(ExtensibilityGlobals) = postSolution
		SolutionGuid = {685ED5FF-BF7B-44DF-AB47-0191FED1AE1C}
	EndGlobalSection
EndGlobal
